// !$*UTF8*$!
{
	archiveVersion = 1;
	classes = {
	};
	objectVersion = 50;
	objects = {

/* Begin PBXBuildFile section */
		82956D6A21C265660016EB03 /* AppDelegate.swift in Sources */ = {isa = PBXBuildFile; fileRef = 82956D6921C265660016EB03 /* AppDelegate.swift */; };
		82956D6C21C265660016EB03 /* ViewController.swift in Sources */ = {isa = PBXBuildFile; fileRef = 82956D6B21C265660016EB03 /* ViewController.swift */; };
		82956D6F21C265660016EB03 /* Main.storyboard in Resources */ = {isa = PBXBuildFile; fileRef = 82956D6D21C265660016EB03 /* Main.storyboard */; };
		82956D7221C265660016EB03 /* coursework_4641492_calculator.xcdatamodeld in Sources */ = {isa = PBXBuildFile; fileRef = 82956D7021C265660016EB03 /* coursework_4641492_calculator.xcdatamodeld */; };
		82956D7421C265670016EB03 /* Assets.xcassets in Resources */ = {isa = PBXBuildFile; fileRef = 82956D7321C265670016EB03 /* Assets.xcassets */; };
		82956D7721C265670016EB03 /* LaunchScreen.storyboard in Resources */ = {isa = PBXBuildFile; fileRef = 82956D7521C265670016EB03 /* LaunchScreen.storyboard */; };
		82956D7F21C292F30016EB03 /* ButtonExtension.swift in Sources */ = {isa = PBXBuildFile; fileRef = 82956D7E21C292F30016EB03 /* ButtonExtension.swift */; };
/* End PBXBuildFile section */

/* Begin PBXFileReference section */
		82956D6621C265660016EB03 /* coursework-4641492-calculator.app */ = {isa = PBXFileReference; explicitFileType = wrapper.application; includeInIndex = 0; path = "coursework-4641492-calculator.app"; sourceTree = BUILT_PRODUCTS_DIR; };
		82956D6921C265660016EB03 /* AppDelegate.swift */ = {isa = PBXFileReference; lastKnownFileType = sourcecode.swift; path = AppDelegate.swift; sourceTree = "<group>"; };
		82956D6B21C265660016EB03 /* ViewController.swift */ = {isa = PBXFileReference; lastKnownFileType = sourcecode.swift; path = ViewController.swift; sourceTree = "<group>"; };
		82956D6E21C265660016EB03 /* Base */ = {isa = PBXFileReference; lastKnownFileType = file.storyboard; name = Base; path = Base.lproj/Main.storyboard; sourceTree = "<group>"; };
		82956D7121C265660016EB03 /* coursework_4641492_calculator.xcdatamodel */ = {isa = PBXFileReference; lastKnownFileType = wrapper.xcdatamodel; path = coursework_4641492_calculator.xcdatamodel; sourceTree = "<group>"; };
		82956D7321C265670016EB03 /* Assets.xcassets */ = {isa = PBXFileReference; lastKnownFileType = folder.assetcatalog; path = Assets.xcassets; sourceTree = "<group>"; };
		82956D7621C265670016EB03 /* Base */ = {isa = PBXFileReference; lastKnownFileType = file.storyboard; name = Base; path = Base.lproj/LaunchScreen.storyboard; sourceTree = "<group>"; };
		82956D7821C265670016EB03 /* Info.plist */ = {isa = PBXFileReference; lastKnownFileType = text.plist.xml; path = Info.plist; sourceTree = "<group>"; };
		82956D7E21C292F30016EB03 /* ButtonExtension.swift */ = {isa = PBXFileReference; lastKnownFileType = sourcecode.swift; path = ButtonExtension.swift; sourceTree = "<group>"; };
/* End PBXFileReference section */

/* Begin PBXFrameworksBuildPhase section */
		82956D6321C265660016EB03 /* Frameworks */ = {
			isa = PBXFrameworksBuildPhase;
			buildActionMask = 2147483647;
			files = (
			);
			runOnlyForDeploymentPostprocessing = 0;
		};
/* End PBXFrameworksBuildPhase section */

/* Begin PBXGroup section */
		82956D5D21C265660016EB03 = {
			isa = PBXGroup;
			children = (
				82956D6821C265660016EB03 /* coursework-4641492-calculator */,
				82956D6721C265660016EB03 /* Products */,
			);
			sourceTree = "<group>";
		};
		82956D6721C265660016EB03 /* Products */ = {
			isa = PBXGroup;
			children = (
				82956D6621C265660016EB03 /* coursework-4641492-calculator.app */,
			);
			name = Products;
			sourceTree = "<group>";
		};
		82956D6821C265660016EB03 /* coursework-4641492-calculator */ = {
			isa = PBXGroup;
			children = (
				82956D6921C265660016EB03 /* AppDelegate.swift */,
				82956D6B21C265660016EB03 /* ViewController.swift */,
				82956D6D21C265660016EB03 /* Main.storyboard */,
				82956D7321C265670016EB03 /* Assets.xcassets */,
				82956D7521C265670016EB03 /* LaunchScreen.storyboard */,
				82956D7821C265670016EB03 /* Info.plist */,
				82956D7021C265660016EB03 /* coursework_4641492_calculator.xcdatamodeld */,
				82956D7E21C292F30016EB03 /* ButtonExtension.swift */,
			);
			path = "coursework-4641492-calculator";
			sourceTree = "<group>";
		};
/* End PBXGroup section */

/* Begin PBXNativeTarget section */
		82956D6521C265660016EB03 /* coursework-4641492-calculator */ = {
			isa = PBXNativeTarget;
			buildConfigurationList = 82956D7B21C265670016EB03 /* Build configuration list for PBXNativeTarget "coursework-4641492-calculator" */;
			buildPhases = (
				82956D6221C265660016EB03 /* Sources */,
				82956D6321C265660016EB03 /* Frameworks */,
				82956D6421C265660016EB03 /* Resources */,
			);
			buildRules = (
			);
			dependencies = (
			);
			name = "coursework-4641492-calculator";
			productName = "coursework-4641492-calculator";
			productReference = 82956D6621C265660016EB03 /* coursework-4641492-calculator.app */;
			productType = "com.apple.product-type.application";
		};
/* End PBXNativeTarget section */

/* Begin PBXProject section */
		82956D5E21C265660016EB03 /* Project object */ = {
			isa = PBXProject;
			attributes = {
				LastSwiftUpdateCheck = 1010;
				LastUpgradeCheck = 1010;
				ORGANIZATIONNAME = "Sanood Welagedara";
				TargetAttributes = {
					82956D6521C265660016EB03 = {
						CreatedOnToolsVersion = 10.1;
					};
				};
			};
			buildConfigurationList = 82956D6121C265660016EB03 /* Build configuration list for PBXProject "coursework-4641492-calculator" */;
			compatibilityVersion = "Xcode 9.3";
			developmentRegion = en;
			hasScannedForEncodings = 0;
			knownRegions = (
				en,
				Base,
			);
			mainGroup = 82956D5D21C265660016EB03;
			productRefGroup = 82956D6721C265660016EB03 /* Products */;
			projectDirPath = "";
			projectRoot = "";
			targets = (
				82956D6521C265660016EB03 /* coursework-4641492-calculator */,
			);
		};
/* End PBXProject section */

/* Begin PBXResourcesBuildPhase section */
		82956D6421C265660016EB03 /* Resources */ = {
			isa = PBXResourcesBuildPhase;
			buildActionMask = 2147483647;
			files = (
				82956D7721C265670016EB03 /* LaunchScreen.storyboard in Resources */,
				82956D7421C265670016EB03 /* Assets.xcassets in Resources */,
				82956D6F21C265660016EB03 /* Main.storyboard in Resources */,
			);
			runOnlyForDeploymentPostprocessing = 0;
		};
/* End PBXResourcesBuildPhase section */

/* Begin PBXSourcesBuildPhase section */
		82956D6221C265660016EB03 /* Sources */ = {
			isa = PBXSourcesBuildPhase;
			buildActionMask = 2147483647;
			files = (
				82956D6C21C265660016EB03 /* ViewController.swift in Sources */,
				82956D7F21C292F30016EB03 /* ButtonExtension.swift in Sources */,
				82956D7221C265660016EB03 /* coursework_4641492_calculator.xcdatamodeld in Sources */,
				82956D6A21C265660016EB03 /* AppDelegate.swift in Sources */,
			);
			runOnlyForDeploymentPostprocessing = 0;
		};
/* End PBXSourcesBuildPhase section */

/* Begin PBXVariantGroup section */
		82956D6D21C265660016EB03 /* Main.storyboard */ = {
			isa = PBXVariantGroup;
			children = (
				82956D6E21C265660016EB03 /* Base */,
			);
			name = Main.storyboard;
			sourceTree = "<group>";
		};
		82956D7521C265670016EB03 /* LaunchScreen.storyboard */ = {
			isa = PBXVariantGroup;
			children = (
				82956D7621C265670016EB03 /* Base */,
			);
			name = LaunchScreen.storyboard;
			sourceTree = "<group>";
		};
/* End PBXVariantGroup section */

/* Begin XCBuildConfiguration section */
		82956D7921C265670016EB03 /* Debug */ = {
			isa = XCBuildConfiguration;
			buildSettings = {
				ALWAYS_SEARCH_USER_PATHS = NO;
				CLANG_ANALYZER_NONNULL = YES;
				CLANG_ANALYZER_NUMBER_OBJECT_CONVERSION = YES_AGGRESSIVE;
				CLANG_CXX_LANGUAGE_STANDARD = "gnu++14";
				CLANG_CXX_LIBRARY = "libc++";
				CLANG_ENABLE_MODULES = YES;
				CLANG_ENABLE_OBJC_ARC = YES;
				CLANG_ENABLE_OBJC_WEAK = YES;
				CLANG_WARN_BLOCK_CAPTURE_AUTORELEASING = YES;
				CLANG_WARN_BOOL_CONVERSION = YES;
				CLANG_WARN_COMMA = YES;
				CLANG_WARN_CONSTANT_CONVERSION = YES;
				CLANG_WARN_DEPRECATED_OBJC_IMPLEMENTATIONS = YES;
				CLANG_WARN_DIRECT_OBJC_ISA_USAGE = YES_ERROR;
				CLANG_WARN_DOCUMENTATION_COMMENTS = YES;
				CLANG_WARN_EMPTY_BODY = YES;
				CLANG_WARN_ENUM_CONVERSION = YES;
				CLANG_WARN_INFINITE_RECURSION = YES;
				CLANG_WARN_INT_CONVERSION = YES;
				CLANG_WARN_NON_LITERAL_NULL_CONVERSION = YES;
				CLANG_WARN_OBJC_IMPLICIT_RETAIN_SELF = YES;
				CLANG_WARN_OBJC_LITERAL_CONVERSION = YES;
				CLANG_WARN_OBJC_ROOT_CLASS = YES_ERROR;
				CLANG_WARN_RANGE_LOOP_ANALYSIS = YES;
				CLANG_WARN_STRICT_PROTOTYPES = YES;
				CLANG_WARN_SUSPICIOUS_MOVE = YES;
				CLANG_WARN_UNGUARDED_AVAILABILITY = YES_AGGRESSIVE;
				CLANG_WARN_UNREACHABLE_CODE = YES;
				CLANG_WARN__DUPLICATE_METHOD_MATCH = YES;
				CODE_SIGN_IDENTITY = "iPhone Developer";
				COPY_PHASE_STRIP = NO;
				DEBUG_INFORMATION_FORMAT = dwarf;
				ENABLE_STRICT_OBJC_MSGSEND = YES;
				ENABLE_TESTABILITY = YES;
				GCC_C_LANGUAGE_STANDARD = gnu11;
				GCC_DYNAMIC_NO_PIC = NO;
				GCC_NO_COMMON_BLOCKS = YES;
				GCC_OPTIMIZATION_LEVEL = 0;
				GCC_PREPROCESSOR_DEFINITIONS = (
					"DEBUG=1",
					"$(inherited)",
				);
				GCC_WARN_64_TO_32_BIT_CONVERSION = YES;
				GCC_WARN_ABOUT_RETURN_TYPE = YES_ERROR;
				GCC_WARN_UNDECLARED_SELECTOR = YES;
				GCC_WARN_UNINITIALIZED_AUTOS = YES_AGGRESSIVE;
				GCC_WARN_UNUSED_FUNCTION = YES;
				GCC_WARN_UNUSED_VARIABLE = YES;
				IPHONEOS_DEPLOYMENT_TARGET = 12.1;
				MTL_ENABLE_DEBUG_INFO = INCLUDE_SOURCE;
				MTL_FAST_MATH = YES;
				ONLY_ACTIVE_ARCH = YES;
				SDKROOT = iphoneos;
				SWIFT_ACTIVE_COMPILATION_CONDITIONS = DEBUG;
				SWIFT_OPTIMIZATION_LEVEL = "-Onone";
			};
			name = Debug;
		};
		82956D7A21C265670016EB03 /* Release */ = {
			isa = XCBuildConfiguration;
			buildSettings = {
				ALWAYS_SEARCH_USER_PATHS = NO;
				CLANG_ANALYZER_NONNULL = YES;
				CLANG_ANALYZER_NUMBER_OBJECT_CONVERSION = YES_AGGRESSIVE;
				CLANG_CXX_LANGUAGE_STANDARD = "gnu++14";
				CLANG_CXX_LIBRARY = "libc++";
				CLANG_ENABLE_MODULES = YES;
				CLANG_ENABLE_OBJC_ARC = YES;
				CLANG_ENABLE_OBJC_WEAK = YES;
				CLANG_WARN_BLOCK_CAPTURE_AUTORELEASING = YES;
				CLANG_WARN_BOOL_CONVERSION = YES;
				CLANG_WARN_COMMA = YES;
				CLANG_WARN_CONSTANT_CONVERSION = YES;
				CLANG_WARN_DEPRECATED_OBJC_IMPLEMENTATIONS = YES;
				CLANG_WARN_DIRECT_OBJC_ISA_USAGE = YES_ERROR;
				CLANG_WARN_DOCUMENTATION_COMMENTS = YES;
				CLANG_WARN_EMPTY_BODY = YES;
				CLANG_WARN_ENUM_CONVERSION = YES;
				CLANG_WARN_INFINITE_RECURSION = YES;
				CLANG_WARN_INT_CONVERSION = YES;
				CLANG_WARN_NON_LITERAL_NULL_CONVERSION = YES;
				CLANG_WARN_OBJC_IMPLICIT_RETAIN_SELF = YES;
				CLANG_WARN_OBJC_LITERAL_CONVERSION = YES;
				CLANG_WARN_OBJC_ROOT_CLASS = YES_ERROR;
				CLANG_WARN_RANGE_LOOP_ANALYSIS = YES;
				CLANG_WARN_STRICT_PROTOTYPES = YES;
				CLANG_WARN_SUSPICIOUS_MOVE = YES;
				CLANG_WARN_UNGUARDED_AVAILABILITY = YES_AGGRESSIVE;
				CLANG_WARN_UNREACHABLE_CODE = YES;
				CLANG_WARN__DUPLICATE_METHOD_MATCH = YES;
				CODE_SIGN_IDENTITY = "iPhone Developer";
				COPY_PHASE_STRIP = NO;
				DEBUG_INFORMATION_FORMAT = "dwarf-with-dsym";
				ENABLE_NS_ASSERTIONS = NO;
				ENABLE_STRICT_OBJC_MSGSEND = YES;
				GCC_C_LANGUAGE_STANDARD = gnu11;
				GCC_NO_COMMON_BLOCKS = YES;
				GCC_WARN_64_TO_32_BIT_CONVERSION = YES;
				GCC_WARN_ABOUT_RETURN_TYPE = YES_ERROR;
				GCC_WARN_UNDECLARED_SELECTOR = YES;
				GCC_WARN_UNINITIALIZED_AUTOS = YES_AGGRESSIVE;
				GCC_WARN_UNUSED_FUNCTION = YES;
				GCC_WARN_UNUSED_VARIABLE = YES;
				IPHONEOS_DEPLOYMENT_TARGET = 12.1;
				MTL_ENABLE_DEBUG_INFO = NO;
				MTL_FAST_MATH = YES;
				SDKROOT = iphoneos;
				SWIFT_COMPILATION_MODE = wholemodule;
				SWIFT_OPTIMIZATION_LEVEL = "-O";
				VALIDATE_PRODUCT = YES;
			};
			name = Release;
		};
		82956D7C21C265670016EB03 /* Debug */ = {
			isa = XCBuildConfiguration;
			buildSettings = {
				ASSETCATALOG_COMPILER_APPICON_NAME = AppIcon;
				CODE_SIGN_STYLE = Automatic;
				INFOPLIST_FILE = "coursework-4641492-calculator/Info.plist";
				LD_RUNPATH_SEARCH_PATHS = (
					"$(inherited)",
					"@executable_path/Frameworks",
				);
				PRODUCT_BUNDLE_IDENTIFIER = "courswork-4641492.coursework-4641492-calculator";
				PRODUCT_NAME = "$(TARGET_NAME)";
				SWIFT_VERSION = 4.2;
				TARGETED_DEVICE_FAMILY = "1,2";
			};
			name = Debug;
		};
		82956D7D21C265670016EB03 /* Release */ = {
			isa = XCBuildConfiguration;
			buildSettings = {
				ASSETCATALOG_COMPILER_APPICON_NAME = AppIcon;
				CODE_SIGN_STYLE = Automatic;
				INFOPLIST_FILE = "coursework-4641492-calculator/Info.plist";
				LD_RUNPATH_SEARCH_PATHS = (
					"$(inherited)",
					"@executable_path/Frameworks",
				);
				PRODUCT_BUNDLE_IDENTIFIER = "courswork-4641492.coursework-4641492-calculator";
				PRODUCT_NAME = "$(TARGET_NAME)";
				SWIFT_VERSION = 4.2;
				TARGETED_DEVICE_FAMILY = "1,2";
			};
			name = Release;
		};
/* End XCBuildConfiguration section */

/* Begin XCConfigurationList section */
		82956D6121C265660016EB03 /* Build configuration list for PBXProject "coursework-4641492-calculator" */ = {
			isa = XCConfigurationList;
			buildConfigurations = (
				82956D7921C265670016EB03 /* Debug */,
				82956D7A21C265670016EB03 /* Release */,
			);
			defaultConfigurationIsVisible = 0;
			defaultConfigurationName = Release;
		};
		82956D7B21C265670016EB03 /* Build configuration list for PBXNativeTarget "coursework-4641492-calculator" */ = {
			isa = XCConfigurationList;
			buildConfigurations = (
				82956D7C21C265670016EB03 /* Debug */,
				82956D7D21C265670016EB03 /* Release */,
			);
			defaultConfigurationIsVisible = 0;
			defaultConfigurationName = Release;
		};
/* End XCConfigurationList section */

/* Begin XCVersionGroup section */
		82956D7021C265660016EB03 /* coursework_4641492_calculator.xcdatamodeld */ = {
			isa = XCVersionGroup;
			children = (
				82956D7121C265660016EB03 /* coursework_4641492_calculator.xcdatamodel */,
			);
			currentVersion = 82956D7121C265660016EB03 /* coursework_4641492_calculator.xcdatamodel */;
			path = coursework_4641492_calculator.xcdatamodeld;
			sourceTree = "<group>";
			versionGroupType = wrapper.xcdatamodel;
		};
/* End XCVersionGroup section */
	};
	rootObject = 82956D5E21C265660016EB03 /* Project object */;
}
